<?xml version="1.0" encoding="utf-8"?>
<Project ToolsVersion="4.0" xmlns="http://schemas.microsoft.com/developer/msbuild/2003">
  <ItemGroup>
    <Filter Include="Исходные файлы">
      <UniqueIdentifier>{4FC737F1-C7A5-4376-A066-2A32D752A2FF}</UniqueIdentifier>
      <Extensions>cpp;c;cc;cxx;c++;cppm;ixx;def;odl;idl;hpj;bat;asm;asmx</Extensions>
    </Filter>
    <Filter Include="Файлы заголовков">
      <UniqueIdentifier>{93995380-89BD-4b04-88EB-625FBE52EBFB}</UniqueIdentifier>
      <Extensions>h;hh;hpp;hxx;h++;hm;inl;inc;ipp;xsd</Extensions>
    </Filter>
    <Filter Include="Файлы ресурсов">
      <UniqueIdentifier>{67DA6AB6-F800-4c08-8B7A-83BB121AAD01}</UniqueIdentifier>
      <Extensions>rc;ico;cur;bmp;dlg;rc2;rct;bin;rgs;gif;jpg;jpeg;jpe;resx;tiff;tif;png;wav;mfcribbon-ms</Extensions>
    </Filter>
    <Filter Include="Исходные файлы\FirstState">
      <UniqueIdentifier>{09606595-ff57-4bd1-8864-0ef90b2665b2}</UniqueIdentifier>
    </Filter>
    <Filter Include="Файлы заголовков\FirstState_h">
      <UniqueIdentifier>{46d09bc2-5532-4964-9e2e-abf26735180d}</UniqueIdentifier>
    </Filter>
    <Filter Include="Файлы заголовков\LexemState_h">
      <UniqueIdentifier>{a98760e6-87bc-4ad8-a229-787b706f8a0e}</UniqueIdentifier>
    </Filter>
    <Filter Include="Исходные файлы\LexemState">
      <UniqueIdentifier>{9f9b30aa-2373-484d-a09d-ca37284bb3f8}</UniqueIdentifier>
    </Filter>
    <Filter Include="Тестовые Файлы">
      <UniqueIdentifier>{df092d92-d4ba-42a1-a17d-bc59cbe7d391}</UniqueIdentifier>
    </Filter>
  </ItemGroup>
  <ItemGroup>
    <ClCompile Include="Source.cpp">
      <Filter>Исходные файлы</Filter>
    </ClCompile>
    <ClCompile Include="Error.cpp">
      <Filter>Исходные файлы</Filter>
    </ClCompile>
    <ClCompile Include="Log.cpp">
      <Filter>Исходные файлы</Filter>
    </ClCompile>
    <ClCompile Include="PolandNatation.cpp">
      <Filter>Исходные файлы</Filter>
    </ClCompile>
    <ClCompile Include="InFile.cpp">
      <Filter>Исходные файлы\FirstState</Filter>
    </ClCompile>
    <ClCompile Include="ParmAnalyzer.cpp">
      <Filter>Исходные файлы\FirstState</Filter>
    </ClCompile>
    <ClCompile Include="LexemAnalyser.cpp">
      <Filter>Исходные файлы\LexemState</Filter>
    </ClCompile>
    <ClCompile Include="AllLexems.cpp">
      <Filter>Исходные файлы\LexemState</Filter>
    </ClCompile>
    <ClCompile Include="Collections.cpp">
      <Filter>Исходные файлы</Filter>
    </ClCompile>
    <ClCompile Include="AllRules.cpp">
      <Filter>Тестовые Файлы</Filter>
    </ClCompile>
    <ClCompile Include="SyntaxAnalysator.cpp">
      <Filter>Тестовые Файлы</Filter>
    </ClCompile>
    <ClCompile Include="Rule.cpp">
      <Filter>Тестовые Файлы</Filter>
    </ClCompile>
  </ItemGroup>
  <ItemGroup>
    <ClInclude Include="stdafx.h">
      <Filter>Файлы заголовков</Filter>
    </ClInclude>
    <ClInclude Include="Error.h">
      <Filter>Файлы заголовков</Filter>
    </ClInclude>
    <ClInclude Include="Log.h">
      <Filter>Файлы заголовков</Filter>
    </ClInclude>
    <ClInclude Include="PolandNatation.h">
      <Filter>Файлы заголовков</Filter>
    </ClInclude>
    <ClInclude Include="InFile.h">
      <Filter>Файлы заголовков\FirstState_h</Filter>
    </ClInclude>
    <ClInclude Include="ParmAnalyzer.h">
      <Filter>Файлы заголовков\FirstState_h</Filter>
    </ClInclude>
    <ClInclude Include="LexemAnalyser.h">
      <Filter>Файлы заголовков\LexemState_h</Filter>
    </ClInclude>
    <ClInclude Include="AllLexems.h">
      <Filter>Файлы заголовков\LexemState_h</Filter>
    </ClInclude>
    <ClInclude Include="Collections.h">
      <Filter>Файлы заголовков</Filter>
    </ClInclude>
    <ClInclude Include="UpLoad.h">
      <Filter>Файлы заголовков</Filter>
    </ClInclude>
    <ClInclude Include="Lexem.h">
      <Filter>Файлы заголовков\LexemState_h</Filter>
    </ClInclude>
    <ClInclude Include="Literal.h">
      <Filter>Файлы заголовков\LexemState_h</Filter>
    </ClInclude>
    <ClInclude Include="Rule.h">
      <Filter>Тестовые Файлы</Filter>
    </ClInclude>
    <ClInclude Include="SyntaxAnalysator.h">
      <Filter>Тестовые Файлы</Filter>
    </ClInclude>
    <ClInclude Include="AllRules.h">
      <Filter>Тестовые Файлы</Filter>
    </ClInclude>
    <ClInclude Include="Indefier.h">
      <Filter>Тестовые Файлы</Filter>
    </ClInclude>
  </ItemGroup>
</Project>